// !$*UTF8*$!
{
	archiveVersion = 1;
	classes = {
	};
	objectVersion = 77;
	objects = {

/* Begin PBXBuildFile section */
		079F18F138F55A1921857990 /* TokenMonitorWidget.swift in Sources */ = {isa = PBXBuildFile; fileRef = 94873A1657398A223F67BEDD /* TokenMonitorWidget.swift */; };
		1E34D2A376F75AEA892C3753 /* StatsProvider.swift in Sources */ = {isa = PBXBuildFile; fileRef = 676359A8D5C031CB25B715E1 /* StatsProvider.swift */; };
		C0D77105A9355E003B77D7A3 /* StatsStore.swift in Sources */ = {isa = PBXBuildFile; fileRef = A435CB4144B83B485229AAD3 /* StatsStore.swift */; };
		D911A54083995110667F06B6 /* WidgetViews.swift in Sources */ = {isa = PBXBuildFile; fileRef = 5AB041F3BCB9AA2C53332702 /* WidgetViews.swift */; };
/* End PBXBuildFile section */

/* Begin PBXFileReference section */
		2D2BA95964108E260109D4FE /* Info.plist */ = {isa = PBXFileReference; lastKnownFileType = text.plist; path = Info.plist; sourceTree = "<group>"; };
		5AB041F3BCB9AA2C53332702 /* WidgetViews.swift */ = {isa = PBXFileReference; lastKnownFileType = sourcecode.swift; path = WidgetViews.swift; sourceTree = "<group>"; };
		676359A8D5C031CB25B715E1 /* StatsProvider.swift */ = {isa = PBXFileReference; lastKnownFileType = sourcecode.swift; path = StatsProvider.swift; sourceTree = "<group>"; };
		94873A1657398A223F67BEDD /* TokenMonitorWidget.swift */ = {isa = PBXFileReference; lastKnownFileType = sourcecode.swift; path = TokenMonitorWidget.swift; sourceTree = "<group>"; };
		A435CB4144B83B485229AAD3 /* StatsStore.swift */ = {isa = PBXFileReference; lastKnownFileType = sourcecode.swift; path = StatsStore.swift; sourceTree = "<group>"; };
		DD25DC05A54DBA20228867A3 /* TokenMonitorWidget.appex */ = {isa = PBXFileReference; explicitFileType = "wrapper.app-extension"; includeInIndex = 0; path = TokenMonitorWidget.appex; sourceTree = BUILT_PRODUCTS_DIR; };
		FBE22714D005CE7E29D6739C /* TokenMonitorWidget.entitlements */ = {isa = PBXFileReference; lastKnownFileType = text.plist.entitlements; path = TokenMonitorWidget.entitlements; sourceTree = "<group>"; };
/* End PBXFileReference section */

/* Begin PBXGroup section */
		31E3D77674BB276258D7CF5D /* Products */ = {
			isa = PBXGroup;
			children = (
				DD25DC05A54DBA20228867A3 /* TokenMonitorWidget.appex */,
			);
			name = Products;
			sourceTree = "<group>";
		};
		8D1BFA90A82C343D616EF4EF = {
			isa = PBXGroup;
			children = (
				96608D349F42109B3DE96119 /* TokenMonitorWidget */,
				31E3D77674BB276258D7CF5D /* Products */,
			);
			sourceTree = "<group>";
		};
		96608D349F42109B3DE96119 /* TokenMonitorWidget */ = {
			isa = PBXGroup;
			children = (
				2D2BA95964108E260109D4FE /* Info.plist */,
				676359A8D5C031CB25B715E1 /* StatsProvider.swift */,
				A435CB4144B83B485229AAD3 /* StatsStore.swift */,
				FBE22714D005CE7E29D6739C /* TokenMonitorWidget.entitlements */,
				94873A1657398A223F67BEDD /* TokenMonitorWidget.swift */,
				5AB041F3BCB9AA2C53332702 /* WidgetViews.swift */,
			);
			path = TokenMonitorWidget;
			sourceTree = "<group>";
		};
/* End PBXGroup section */

/* Begin PBXNativeTarget section */
		F4723AE4492A1DBD6EE0E9E3 /* TokenMonitorWidget */ = {
			isa = PBXNativeTarget;
			buildConfigurationList = D7D8778D844A104BC5D86547 /* Build configuration list for PBXNativeTarget "TokenMonitorWidget" */;
			buildPhases = (
				8AEBE390B46F28FB1D8BBD0E /* Sources */,
			);
			buildRules = (
			);
			dependencies = (
			);
			name = TokenMonitorWidget;
			packageProductDependencies = (
			);
			productName = TokenMonitorWidget;
			productReference = DD25DC05A54DBA20228867A3 /* TokenMonitorWidget.appex */;
			productType = "com.apple.product-type.app-extension";
		};
/* End PBXNativeTarget section */

/* Begin PBXProject section */
		2F53F463643ADC49C7E222E2 /* Project object */ = {
			isa = PBXProject;
			attributes = {
				BuildIndependentTargetsInParallel = YES;
				LastUpgradeCheck = 1430;
				TargetAttributes = {
					F4723AE4492A1DBD6EE0E9E3 = {
						ProvisioningStyle = Manual;
					};
				};
			};
			buildConfigurationList = E2FDDE243BBCF095CCE4438F /* Build configuration list for PBXProject "TokenMonitorWidget" */;
			developmentRegion = en;
			hasScannedForEncodings = 0;
			knownRegions = (
				Base,
				en,
			);
			mainGroup = 8D1BFA90A82C343D616EF4EF;
			minimizedProjectReferenceProxies = 1;
			preferredProjectObjectVersion = 77;
			productRefGroup = 31E3D77674BB276258D7CF5D /* Products */;
			projectDirPath = "";
			projectRoot = "";
			targets = (
				F4723AE4492A1DBD6EE0E9E3 /* TokenMonitorWidget */,
			);
		};
/* End PBXProject section */

/* Begin PBXSourcesBuildPhase section */
		8AEBE390B46F28FB1D8BBD0E /* Sources */ = {
			isa = PBXSourcesBuildPhase;
			buildActionMask = 2147483647;
			files = (
				1E34D2A376F75AEA892C3753 /* StatsProvider.swift in Sources */,
				C0D77105A9355E003B77D7A3 /* StatsStore.swift in Sources */,
				079F18F138F55A1921857990 /* TokenMonitorWidget.swift in Sources */,
				D911A54083995110667F06B6 /* WidgetViews.swift in Sources */,
			);
			runOnlyForDeploymentPostprocessing = 0;
		};
/* End PBXSourcesBuildPhase section */

/* Begin XCBuildConfiguration section */
		304EB5B867FF1EDDB0B748B3 /* Debug */ = {
			isa = XCBuildConfiguration;
			buildSettings = {
				CODE_SIGNING_ALLOWED = NO;
				CODE_SIGN_ENTITLEMENTS = TokenMonitorWidget/TokenMonitorWidget.entitlements;
				COMBINE_HIDPI_IMAGES = YES;
				CONFIGURATION_BUILD_DIR = "$(BUILD_DIR)/$(CONFIGURATION)";
				INFOPLIST_FILE = TokenMonitorWidget/Info.plist;
				LD_RUNPATH_SEARCH_PATHS = (
					"$(inherited)",
					"@executable_path/../Frameworks",
					"@executable_path/../../../../Frameworks",
				);
				PRODUCT_BUNDLE_IDENTIFIER = com.javis.tokenmonitor.widget;
				PRODUCT_NAME = TokenMonitorWidget;
				SDKROOT = macosx;
				SKIP_INSTALL = YES;
			};
			name = Debug;
		};
		6B041142FA28818086BDB1B4 /* Release */ = {
			isa = XCBuildConfiguration;
			buildSettings = {
				CODE_SIGNING_ALLOWED = NO;
				CODE_SIGN_ENTITLEMENTS = TokenMonitorWidget/TokenMonitorWidget.entitlements;
				COMBINE_HIDPI_IMAGES = YES;
				CONFIGURATION_BUILD_DIR = "$(BUILD_DIR)/$(CONFIGURATION)";
				INFOPLIST_FILE = TokenMonitorWidget/Info.plist;
				LD_RUNPATH_SEARCH_PATHS = (
					"$(inherited)",
					"@executable_path/../Frameworks",
					"@executable_path/../../../../Frameworks",
				);
				PRODUCT_BUNDLE_IDENTIFIER = com.javis.tokenmonitor.widget;
				PRODUCT_NAME = TokenMonitorWidget;
				SDKROOT = macosx;
				SKIP_INSTALL = YES;
			};
			name = Release;
		};
		793FF3587261C66FD20D2E5F /* Release */ = {
			isa = XCBuildConfiguration;
			buildSettings = {
				ALWAYS_SEARCH_USER_PATHS = NO;
				CLANG_ANALYZER_NONNULL = YES;
				CLANG_ANALYZER_NUMBER_OBJECT_CONVERSION = YES_AGGRESSIVE;
				CLANG_CXX_LANGUAGE_STANDARD = "gnu++14";
				CLANG_CXX_LIBRARY = "libc++";
				CLANG_ENABLE_MODULES = YES;
				CLANG_ENABLE_OBJC_ARC = YES;
				CLANG_ENABLE_OBJC_WEAK = YES;
				CLANG_WARN_BLOCK_CAPTURE_AUTORELEASING = YES;
				CLANG_WARN_BOOL_CONVERSION = YES;
				CLANG_WARN_COMMA = YES;
				CLANG_WARN_CONSTANT_CONVERSION = YES;
				CLANG_WARN_DEPRECATED_OBJC_IMPLEMENTATIONS = YES;
				CLANG_WARN_DIRECT_OBJC_ISA_USAGE = YES_ERROR;
				CLANG_WARN_DOCUMENTATION_COMMENTS = YES;
				CLANG_WARN_EMPTY_BODY = YES;
				CLANG_WARN_ENUM_CONVERSION = YES;
				CLANG_WARN_INFINITE_RECURSION = YES;
				CLANG_WARN_INT_CONVERSION = YES;
				CLANG_WARN_NON_LITERAL_NULL_CONVERSION = YES;
				CLANG_WARN_OBJC_IMPLICIT_RETAIN_SELF = YES;
				CLANG_WARN_OBJC_LITERAL_CONVERSION = YES;
				CLANG_WARN_OBJC_ROOT_CLASS = YES_ERROR;
				CLANG_WARN_QUOTED_INCLUDE_IN_FRAMEWORK_HEADER = YES;
				CLANG_WARN_RANGE_LOOP_ANALYSIS = YES;
				CLANG_WARN_STRICT_PROTOTYPES = YES;
				CLANG_WARN_SUSPICIOUS_MOVE = YES;
				CLANG_WARN_UNGUARDED_AVAILABILITY = YES_AGGRESSIVE;
				CLANG_WARN_UNREACHABLE_CODE = YES;
				CLANG_WARN__DUPLICATE_METHOD_MATCH = YES;
				CODE_SIGN_IDENTITY = "-";
				CODE_SIGN_STYLE = Manual;
				COPY_PHASE_STRIP = NO;
				DEBUG_INFORMATION_FORMAT = "dwarf-with-dsym";
				ENABLE_HARDENED_RUNTIME = YES;
				ENABLE_NS_ASSERTIONS = NO;
				ENABLE_STRICT_OBJC_MSGSEND = YES;
				GCC_C_LANGUAGE_STANDARD = gnu11;
				GCC_NO_COMMON_BLOCKS = YES;
				GCC_WARN_64_TO_32_BIT_CONVERSION = YES;
				GCC_WARN_ABOUT_RETURN_TYPE = YES_ERROR;
				GCC_WARN_UNDECLARED_SELECTOR = YES;
				GCC_WARN_UNINITIALIZED_AUTOS = YES_AGGRESSIVE;
				GCC_WARN_UNUSED_FUNCTION = YES;
				GCC_WARN_UNUSED_VARIABLE = YES;
				MACOSX_DEPLOYMENT_TARGET = 14.0;
				MTL_ENABLE_DEBUG_INFO = NO;
				MTL_FAST_MATH = YES;
				PRODUCT_NAME = "$(TARGET_NAME)";
				SDKROOT = macosx;
				SWIFT_COMPILATION_MODE = wholemodule;
				SWIFT_OPTIMIZATION_LEVEL = "-O";
				SWIFT_VERSION = 5.9;
			};
			name = Release;
		};
		FE04EB50553CAC773795D6BE /* Debug */ = {
			isa = XCBuildConfiguration;
			buildSettings = {
				ALWAYS_SEARCH_USER_PATHS = NO;
				CLANG_ANALYZER_NONNULL = YES;
				CLANG_ANALYZER_NUMBER_OBJECT_CONVERSION = YES_AGGRESSIVE;
				CLANG_CXX_LANGUAGE_STANDARD = "gnu++14";
				CLANG_CXX_LIBRARY = "libc++";
				CLANG_ENABLE_MODULES = YES;
				CLANG_ENABLE_OBJC_ARC = YES;
				CLANG_ENABLE_OBJC_WEAK = YES;
				CLANG_WARN_BLOCK_CAPTURE_AUTORELEASING = YES;
				CLANG_WARN_BOOL_CONVERSION = YES;
				CLANG_WARN_COMMA = YES;
				CLANG_WARN_CONSTANT_CONVERSION = YES;
				CLANG_WARN_DEPRECATED_OBJC_IMPLEMENTATIONS = YES;
				CLANG_WARN_DIRECT_OBJC_ISA_USAGE = YES_ERROR;
				CLANG_WARN_DOCUMENTATION_COMMENTS = YES;
				CLANG_WARN_EMPTY_BODY = YES;
				CLANG_WARN_ENUM_CONVERSION = YES;
				CLANG_WARN_INFINITE_RECURSION = YES;
				CLANG_WARN_INT_CONVERSION = YES;
				CLANG_WARN_NON_LITERAL_NULL_CONVERSION = YES;
				CLANG_WARN_OBJC_IMPLICIT_RETAIN_SELF = YES;
				CLANG_WARN_OBJC_LITERAL_CONVERSION = YES;
				CLANG_WARN_OBJC_ROOT_CLASS = YES_ERROR;
				CLANG_WARN_QUOTED_INCLUDE_IN_FRAMEWORK_HEADER = YES;
				CLANG_WARN_RANGE_LOOP_ANALYSIS = YES;
				CLANG_WARN_STRICT_PROTOTYPES = YES;
				CLANG_WARN_SUSPICIOUS_MOVE = YES;
				CLANG_WARN_UNGUARDED_AVAILABILITY = YES_AGGRESSIVE;
				CLANG_WARN_UNREACHABLE_CODE = YES;
				CLANG_WARN__DUPLICATE_METHOD_MATCH = YES;
				CODE_SIGN_IDENTITY = "-";
				CODE_SIGN_STYLE = Manual;
				COPY_PHASE_STRIP = NO;
				DEBUG_INFORMATION_FORMAT = dwarf;
				ENABLE_HARDENED_RUNTIME = YES;
				ENABLE_STRICT_OBJC_MSGSEND = YES;
				ENABLE_TESTABILITY = YES;
				GCC_C_LANGUAGE_STANDARD = gnu11;
				GCC_DYNAMIC_NO_PIC = NO;
				GCC_NO_COMMON_BLOCKS = YES;
				GCC_OPTIMIZATION_LEVEL = 0;
				GCC_PREPROCESSOR_DEFINITIONS = (
					"$(inherited)",
					"DEBUG=1",
				);
				GCC_WARN_64_TO_32_BIT_CONVERSION = YES;
				GCC_WARN_ABOUT_RETURN_TYPE = YES_ERROR;
				GCC_WARN_UNDECLARED_SELECTOR = YES;
				GCC_WARN_UNINITIALIZED_AUTOS = YES_AGGRESSIVE;
				GCC_WARN_UNUSED_FUNCTION = YES;
				GCC_WARN_UNUSED_VARIABLE = YES;
				MACOSX_DEPLOYMENT_TARGET = 14.0;
				MTL_ENABLE_DEBUG_INFO = INCLUDE_SOURCE;
				MTL_FAST_MATH = YES;
				ONLY_ACTIVE_ARCH = YES;
				PRODUCT_NAME = "$(TARGET_NAME)";
				SDKROOT = macosx;
				SWIFT_ACTIVE_COMPILATION_CONDITIONS = DEBUG;
				SWIFT_OPTIMIZATION_LEVEL = "-Onone";
				SWIFT_VERSION = 5.9;
			};
			name = Debug;
		};
/* End XCBuildConfiguration section */

/* Begin XCConfigurationList section */
		D7D8778D844A104BC5D86547 /* Build configuration list for PBXNativeTarget "TokenMonitorWidget" */ = {
			isa = XCConfigurationList;
			buildConfigurations = (
				304EB5B867FF1EDDB0B748B3 /* Debug */,
				6B041142FA28818086BDB1B4 /* Release */,
			);
			defaultConfigurationIsVisible = 0;
			defaultConfigurationName = Debug;
		};
		E2FDDE243BBCF095CCE4438F /* Build configuration list for PBXProject "TokenMonitorWidget" */ = {
			isa = XCConfigurationList;
			buildConfigurations = (
				FE04EB50553CAC773795D6BE /* Debug */,
				793FF3587261C66FD20D2E5F /* Release */,
			);
			defaultConfigurationIsVisible = 0;
			defaultConfigurationName = Debug;
		};
/* End XCConfigurationList section */
	};
	rootObject = 2F53F463643ADC49C7E222E2 /* Project object */;
}
